
Microsoft Visual Studio Solution File, Format Version 12.00
# Visual Studio Version 17
VisualStudioVersion = 17.3.32811.315
MinimumVisualStudioVersion = 10.0.40219.1
Project("{FAE04EC0-301F-11D3-BF4B-00C04F79EFBC}") = "MvcMovie", "MvcMovie\MvcMovie.csproj", "{3F701831-400D-4159-BF33-2AED0E2BC82D}"
EndProject
Global
	GlobalSection(SolutionConfigurationPlatforms) = preSolution
		Debug|Any CPU = Debug|Any CPU
		Release|Any CPU = Release|Any CPU
	EndGlobalSection
	GlobalSection(ProjectConfigurationPlatforms) = postSolution
		{3F701831-400D-4159-BF33-2AED0E2BC82D}.Debug|Any CPU.ActiveCfg = Debug|Any CPU
		{3F701831-400D-4159-BF33-2AED0E2BC82D}.Debug|Any CPU.Build.0 = Debug|Any CPU
		{3F701831-400D-4159-BF33-2AED0E2BC82D}.Release|Any CPU.ActiveCfg = Release|Any CPU
		{3F701831-400D-4159-BF33-2AED0E2BC82D}.Release|Any CPU.Build.0 = Release|Any CPU
	EndGlobalSection
	GlobalSection(SolutionProperties) = preSolution
		HideSolutionNode = FALSE
	EndGlobalSection
	GlobalSection(ExtensibilityGlobals) = postSolution
		SolutionGuid = {5F8116D2-80E7-485F-9940-E9A6736601C4}
	EndGlobalSection
EndGlobal
